
Microsoft Visual Studio Solution File, Format Version 12.00
# Visual Studio Version 17
VisualStudioVersion = 17.10.35027.167
MinimumVisualStudioVersion = 10.0.40219.1
Project("{FAE04EC0-301F-11D3-BF4B-00C04F79EFBC}") = "MediatR.Abstractions", "MediatR.Abstractions\MediatR.Abstractions.csproj", "{3B6FF822-D7CE-4DB5-89FF-A289A677FA22}"
EndProject
Project("{FAE04EC0-301F-11D3-BF4B-00C04F79EFBC}") = "MediatR.Abstractions.TestWebApi", "MediatR.Abstractions.TestWebApi\MediatR.Abstractions.TestWebApi.csproj", "{1B454EBC-FDED-475C-991F-80B5367CB6B2}"
EndProject
Global
	GlobalSection(SolutionConfigurationPlatforms) = preSolution
		Debug|Any CPU = Debug|Any CPU
		Release|Any CPU = Release|Any CPU
	EndGlobalSection
	GlobalSection(ProjectConfigurationPlatforms) = postSolution
		{3B6FF822-D7CE-4DB5-89FF-A289A677FA22}.Debug|Any CPU.ActiveCfg = Debug|Any CPU
		{3B6FF822-D7CE-4DB5-89FF-A289A677FA22}.Debug|Any CPU.Build.0 = Debug|Any CPU
		{3B6FF822-D7CE-4DB5-89FF-A289A677FA22}.Release|Any CPU.ActiveCfg = Release|Any CPU
		{3B6FF822-D7CE-4DB5-89FF-A289A677FA22}.Release|Any CPU.Build.0 = Release|Any CPU
		{1B454EBC-FDED-475C-991F-80B5367CB6B2}.Debug|Any CPU.ActiveCfg = Debug|Any CPU
		{1B454EBC-FDED-475C-991F-80B5367CB6B2}.Debug|Any CPU.Build.0 = Debug|Any CPU
		{1B454EBC-FDED-475C-991F-80B5367CB6B2}.Release|Any CPU.ActiveCfg = Release|Any CPU
		{1B454EBC-FDED-475C-991F-80B5367CB6B2}.Release|Any CPU.Build.0 = Release|Any CPU
	EndGlobalSection
	GlobalSection(SolutionProperties) = preSolution
		HideSolutionNode = FALSE
	EndGlobalSection
	GlobalSection(ExtensibilityGlobals) = postSolution
		SolutionGuid = {BE4E22DC-660F-44BC-87D1-888A6A11ACC5}
	EndGlobalSection
EndGlobal
